
Microsoft Visual Studio Solution File, Format Version 12.00
# Visual Studio Version 16
VisualStudioVersion = 16.0.29215.179
MinimumVisualStudioVersion = 10.0.40219.1
Project("{FAE04EC0-301F-11D3-BF4B-00C04F79EFBC}") = "0827", "0827\0827.csproj", "{8BA77F6A-AB92-4EB9-B324-E0263578E7DE}"
EndProject
Global
	GlobalSection(SolutionConfigurationPlatforms) = preSolution
		Debug|Any CPU = Debug|Any CPU
		Release|Any CPU = Release|Any CPU
	EndGlobalSection
	GlobalSection(ProjectConfigurationPlatforms) = postSolution
		{8BA77F6A-AB92-4EB9-B324-E0263578E7DE}.Debug|Any CPU.ActiveCfg = Debug|Any CPU
		{8BA77F6A-AB92-4EB9-B324-E0263578E7DE}.Debug|Any CPU.Build.0 = Debug|Any CPU
		{8BA77F6A-AB92-4EB9-B324-E0263578E7DE}.Release|Any CPU.ActiveCfg = Release|Any CPU
		{8BA77F6A-AB92-4EB9-B324-E0263578E7DE}.Release|Any CPU.Build.0 = Release|Any CPU
	EndGlobalSection
	GlobalSection(SolutionProperties) = preSolution
		HideSolutionNode = FALSE
	EndGlobalSection
	GlobalSection(ExtensibilityGlobals) = postSolution
		SolutionGuid = {9F24D295-CB01-48A6-8452-D9E365ED0E26}
	EndGlobalSection
EndGlobal
