
Microsoft Visual Studio Solution File, Format Version 12.00
# Visual Studio Version 16
VisualStudioVersion = 16.0.29306.81
MinimumVisualStudioVersion = 10.0.40219.1
Project("{FAE04EC0-301F-11D3-BF4B-00C04F79EFBC}") = "Properties2", "Properties2\Properties2.csproj", "{CBE6B686-E8BC-4055-BB49-DF6387CE1173}"
EndProject
Global
	GlobalSection(SolutionConfigurationPlatforms) = preSolution
		Debug|Any CPU = Debug|Any CPU
		Release|Any CPU = Release|Any CPU
	EndGlobalSection
	GlobalSection(ProjectConfigurationPlatforms) = postSolution
		{CBE6B686-E8BC-4055-BB49-DF6387CE1173}.Debug|Any CPU.ActiveCfg = Debug|Any CPU
		{CBE6B686-E8BC-4055-BB49-DF6387CE1173}.Debug|Any CPU.Build.0 = Debug|Any CPU
		{CBE6B686-E8BC-4055-BB49-DF6387CE1173}.Release|Any CPU.ActiveCfg = Release|Any CPU
		{CBE6B686-E8BC-4055-BB49-DF6387CE1173}.Release|Any CPU.Build.0 = Release|Any CPU
	EndGlobalSection
	GlobalSection(SolutionProperties) = preSolution
		HideSolutionNode = FALSE
	EndGlobalSection
	GlobalSection(ExtensibilityGlobals) = postSolution
		SolutionGuid = {1A7DB176-749A-4421-9B6E-49E690207F97}
	EndGlobalSection
EndGlobal
