
Microsoft Visual Studio Solution File, Format Version 12.00
# Visual Studio Version 16
VisualStudioVersion = 16.0.29409.12
MinimumVisualStudioVersion = 10.0.40219.1
Project("{FAE04EC0-301F-11D3-BF4B-00C04F79EFBC}") = "WinForm_DB02", "WinFormDB02\WinForm_DB02.csproj", "{B4F203EB-ED86-4AD0-A531-C0772C28A23D}"
EndProject
Project("{FAE04EC0-301F-11D3-BF4B-00C04F79EFBC}") = "WinForm_DB03(CRUD)", "WinForm_DB03(CRUD)\WinForm_DB03(CRUD).csproj", "{7CB9B873-36E6-4A66-A3AB-78525385DAF0}"
EndProject
Project("{FAE04EC0-301F-11D3-BF4B-00C04F79EFBC}") = "WinForm01", "..\WinForm01\WinForm01\WinForm01.csproj", "{34B5A424-E246-4606-8757-CEB23727094B}"
EndProject
Project("{FAE04EC0-301F-11D3-BF4B-00C04F79EFBC}") = "WinForm04_MessageBox", "..\WinForm01\WinForm04_MessageBox\WinForm04_MessageBox.csproj", "{53242FE1-B5F3-4EF6-B060-9471BF2C9359}"
EndProject
Project("{FAE04EC0-301F-11D3-BF4B-00C04F79EFBC}") = "WinForm05_ComboBox", "..\WinForm01\WinForm05_ComboBox\WinForm05_ComboBox.csproj", "{E303A6C6-5A5F-4CF0-8C9F-89C3EF93E559}"
EndProject
Project("{FAE04EC0-301F-11D3-BF4B-00C04F79EFBC}") = "WinForm10_DialogBox", "..\WinForm10_DialogBox\WinForm10_DialogBox\WinForm10_DialogBox.csproj", "{47753ED5-4430-428A-9781-52E8853D544E}"
EndProject
Project("{FAE04EC0-301F-11D3-BF4B-00C04F79EFBC}") = "WinForm11_FileDialog", "..\WinForm10_DialogBox\WinForm11_FileDialog\WinForm11_FileDialog.csproj", "{47853745-E215-402B-933B-554487E53589}"
EndProject
Project("{FAE04EC0-301F-11D3-BF4B-00C04F79EFBC}") = "WinForm_DB01", "..\WinForm10_DialogBox\WinForm_DB01\WinForm_DB01.csproj", "{14BFA5B5-4CB2-498B-8C6E-387C29D29591}"
EndProject
Project("{2150E333-8FDC-42A3-9474-1A3956D46DE8}") = "WinForm", "WinForm", "{FAF8D9A8-FD0D-436B-A3B5-AC899A41A3EA}"
EndProject
Project("{2150E333-8FDC-42A3-9474-1A3956D46DE8}") = "WinForm_DB", "WinForm_DB", "{1F50E2D8-1722-4A0F-AFCE-02AE17A89E9A}"
EndProject
Project("{FAE04EC0-301F-11D3-BF4B-00C04F79EFBC}") = "WinForm_DB04(SELECT_INSERT_UPDATE_DELETE)", "WinForm_DB04(SELECT_INSERT_UPDATE_DELETE)\WinForm_DB04(SELECT_INSERT_UPDATE_DELETE).csproj", "{40D0F70D-F8F7-42F0-80A5-1E1C8FE17516}"
EndProject
Project("{9A19103F-16F7-4668-BE54-9A1E7A4F7556}") = "WinForm_DB05(DATA_TABLE)", "WinForm_DB05(DATA_TABLE)\WinForm_DB05(DATA_TABLE).csproj", "{D79AE588-FC90-4EB8-A175-B0B6B9E0AA1D}"
EndProject
Project("{FAE04EC0-301F-11D3-BF4B-00C04F79EFBC}") = "WinForm_DB06_(SIUD)", "WinForm_DB06_(SIUD)\WinForm_DB06_(SIUD).csproj", "{4E69F791-CBAD-4D17-9BBE-368AE662716C}"
EndProject
Project("{FAE04EC0-301F-11D3-BF4B-00C04F79EFBC}") = "WinForm_DB07(DATA_SET)", "WinForm_DB07(DATA_SET)\WinForm_DB07(DATA_SET).csproj", "{1E22F7A2-52D1-4043-BF19-DF75C3FA22A4}"
EndProject
Project("{FAE04EC0-301F-11D3-BF4B-00C04F79EFBC}") = "WinForm_DB(project01)", "WinForm_DB(project01)\WinForm_DB(project01).csproj", "{16EE4BA2-3DC8-4A37-B41D-3D1ADB39C180}"
EndProject
Project("{FAE04EC0-301F-11D3-BF4B-00C04F79EFBC}") = "WinFormExcel", "WinFormExel\WinFormExcel.csproj", "{67BDBC0F-36BF-444A-B7D9-72A1DBC90211}"
EndProject
Global
	GlobalSection(SolutionConfigurationPlatforms) = preSolution
		Debug|Any CPU = Debug|Any CPU
		Release|Any CPU = Release|Any CPU
	EndGlobalSection
	GlobalSection(ProjectConfigurationPlatforms) = postSolution
		{B4F203EB-ED86-4AD0-A531-C0772C28A23D}.Debug|Any CPU.ActiveCfg = Debug|Any CPU
		{B4F203EB-ED86-4AD0-A531-C0772C28A23D}.Debug|Any CPU.Build.0 = Debug|Any CPU
		{B4F203EB-ED86-4AD0-A531-C0772C28A23D}.Release|Any CPU.ActiveCfg = Release|Any CPU
		{B4F203EB-ED86-4AD0-A531-C0772C28A23D}.Release|Any CPU.Build.0 = Release|Any CPU
		{7CB9B873-36E6-4A66-A3AB-78525385DAF0}.Debug|Any CPU.ActiveCfg = Debug|Any CPU
		{7CB9B873-36E6-4A66-A3AB-78525385DAF0}.Debug|Any CPU.Build.0 = Debug|Any CPU
		{7CB9B873-36E6-4A66-A3AB-78525385DAF0}.Release|Any CPU.ActiveCfg = Release|Any CPU
		{7CB9B873-36E6-4A66-A3AB-78525385DAF0}.Release|Any CPU.Build.0 = Release|Any CPU
		{34B5A424-E246-4606-8757-CEB23727094B}.Debug|Any CPU.ActiveCfg = Debug|Any CPU
		{34B5A424-E246-4606-8757-CEB23727094B}.Debug|Any CPU.Build.0 = Debug|Any CPU
		{34B5A424-E246-4606-8757-CEB23727094B}.Release|Any CPU.ActiveCfg = Release|Any CPU
		{34B5A424-E246-4606-8757-CEB23727094B}.Release|Any CPU.Build.0 = Release|Any CPU
		{53242FE1-B5F3-4EF6-B060-9471BF2C9359}.Debug|Any CPU.ActiveCfg = Debug|Any CPU
		{53242FE1-B5F3-4EF6-B060-9471BF2C9359}.Debug|Any CPU.Build.0 = Debug|Any CPU
		{53242FE1-B5F3-4EF6-B060-9471BF2C9359}.Release|Any CPU.ActiveCfg = Release|Any CPU
		{53242FE1-B5F3-4EF6-B060-9471BF2C9359}.Release|Any CPU.Build.0 = Release|Any CPU
		{E303A6C6-5A5F-4CF0-8C9F-89C3EF93E559}.Debug|Any CPU.ActiveCfg = Debug|Any CPU
		{E303A6C6-5A5F-4CF0-8C9F-89C3EF93E559}.Debug|Any CPU.Build.0 = Debug|Any CPU
		{E303A6C6-5A5F-4CF0-8C9F-89C3EF93E559}.Release|Any CPU.ActiveCfg = Release|Any CPU
		{E303A6C6-5A5F-4CF0-8C9F-89C3EF93E559}.Release|Any CPU.Build.0 = Release|Any CPU
		{47753ED5-4430-428A-9781-52E8853D544E}.Debug|Any CPU.ActiveCfg = Debug|Any CPU
		{47753ED5-4430-428A-9781-52E8853D544E}.Debug|Any CPU.Build.0 = Debug|Any CPU
		{47753ED5-4430-428A-9781-52E8853D544E}.Release|Any CPU.ActiveCfg = Release|Any CPU
		{47753ED5-4430-428A-9781-52E8853D544E}.Release|Any CPU.Build.0 = Release|Any CPU
		{47853745-E215-402B-933B-554487E53589}.Debug|Any CPU.ActiveCfg = Debug|Any CPU
		{47853745-E215-402B-933B-554487E53589}.Debug|Any CPU.Build.0 = Debug|Any CPU
		{47853745-E215-402B-933B-554487E53589}.Release|Any CPU.ActiveCfg = Release|Any CPU
		{47853745-E215-402B-933B-554487E53589}.Release|Any CPU.Build.0 = Release|Any CPU
		{14BFA5B5-4CB2-498B-8C6E-387C29D29591}.Debug|Any CPU.ActiveCfg = Debug|Any CPU
		{14BFA5B5-4CB2-498B-8C6E-387C29D29591}.Debug|Any CPU.Build.0 = Debug|Any CPU
		{14BFA5B5-4CB2-498B-8C6E-387C29D29591}.Release|Any CPU.ActiveCfg = Release|Any CPU
		{14BFA5B5-4CB2-498B-8C6E-387C29D29591}.Release|Any CPU.Build.0 = Release|Any CPU
		{40D0F70D-F8F7-42F0-80A5-1E1C8FE17516}.Debug|Any CPU.ActiveCfg = Debug|Any CPU
		{40D0F70D-F8F7-42F0-80A5-1E1C8FE17516}.Debug|Any CPU.Build.0 = Debug|Any CPU
		{40D0F70D-F8F7-42F0-80A5-1E1C8FE17516}.Release|Any CPU.ActiveCfg = Release|Any CPU
		{40D0F70D-F8F7-42F0-80A5-1E1C8FE17516}.Release|Any CPU.Build.0 = Release|Any CPU
		{D79AE588-FC90-4EB8-A175-B0B6B9E0AA1D}.Debug|Any CPU.ActiveCfg = Debug|Any CPU
		{D79AE588-FC90-4EB8-A175-B0B6B9E0AA1D}.Debug|Any CPU.Build.0 = Debug|Any CPU
		{D79AE588-FC90-4EB8-A175-B0B6B9E0AA1D}.Release|Any CPU.ActiveCfg = Release|Any CPU
		{D79AE588-FC90-4EB8-A175-B0B6B9E0AA1D}.Release|Any CPU.Build.0 = Release|Any CPU
		{4E69F791-CBAD-4D17-9BBE-368AE662716C}.Debug|Any CPU.ActiveCfg = Debug|Any CPU
		{4E69F791-CBAD-4D17-9BBE-368AE662716C}.Debug|Any CPU.Build.0 = Debug|Any CPU
		{4E69F791-CBAD-4D17-9BBE-368AE662716C}.Release|Any CPU.ActiveCfg = Release|Any CPU
		{4E69F791-CBAD-4D17-9BBE-368AE662716C}.Release|Any CPU.Build.0 = Release|Any CPU
		{1E22F7A2-52D1-4043-BF19-DF75C3FA22A4}.Debug|Any CPU.ActiveCfg = Debug|Any CPU
		{1E22F7A2-52D1-4043-BF19-DF75C3FA22A4}.Debug|Any CPU.Build.0 = Debug|Any CPU
		{1E22F7A2-52D1-4043-BF19-DF75C3FA22A4}.Release|Any CPU.ActiveCfg = Release|Any CPU
		{1E22F7A2-52D1-4043-BF19-DF75C3FA22A4}.Release|Any CPU.Build.0 = Release|Any CPU
		{16EE4BA2-3DC8-4A37-B41D-3D1ADB39C180}.Debug|Any CPU.ActiveCfg = Debug|Any CPU
		{16EE4BA2-3DC8-4A37-B41D-3D1ADB39C180}.Debug|Any CPU.Build.0 = Debug|Any CPU
		{16EE4BA2-3DC8-4A37-B41D-3D1ADB39C180}.Release|Any CPU.ActiveCfg = Release|Any CPU
		{16EE4BA2-3DC8-4A37-B41D-3D1ADB39C180}.Release|Any CPU.Build.0 = Release|Any CPU
		{67BDBC0F-36BF-444A-B7D9-72A1DBC90211}.Debug|Any CPU.ActiveCfg = Debug|Any CPU
		{67BDBC0F-36BF-444A-B7D9-72A1DBC90211}.Debug|Any CPU.Build.0 = Debug|Any CPU
		{67BDBC0F-36BF-444A-B7D9-72A1DBC90211}.Release|Any CPU.ActiveCfg = Release|Any CPU
		{67BDBC0F-36BF-444A-B7D9-72A1DBC90211}.Release|Any CPU.Build.0 = Release|Any CPU
	EndGlobalSection
	GlobalSection(SolutionProperties) = preSolution
		HideSolutionNode = FALSE
	EndGlobalSection
	GlobalSection(NestedProjects) = preSolution
		{B4F203EB-ED86-4AD0-A531-C0772C28A23D} = {1F50E2D8-1722-4A0F-AFCE-02AE17A89E9A}
		{7CB9B873-36E6-4A66-A3AB-78525385DAF0} = {1F50E2D8-1722-4A0F-AFCE-02AE17A89E9A}
		{34B5A424-E246-4606-8757-CEB23727094B} = {FAF8D9A8-FD0D-436B-A3B5-AC899A41A3EA}
		{53242FE1-B5F3-4EF6-B060-9471BF2C9359} = {FAF8D9A8-FD0D-436B-A3B5-AC899A41A3EA}
		{E303A6C6-5A5F-4CF0-8C9F-89C3EF93E559} = {FAF8D9A8-FD0D-436B-A3B5-AC899A41A3EA}
		{47753ED5-4430-428A-9781-52E8853D544E} = {FAF8D9A8-FD0D-436B-A3B5-AC899A41A3EA}
		{47853745-E215-402B-933B-554487E53589} = {FAF8D9A8-FD0D-436B-A3B5-AC899A41A3EA}
		{14BFA5B5-4CB2-498B-8C6E-387C29D29591} = {1F50E2D8-1722-4A0F-AFCE-02AE17A89E9A}
		{40D0F70D-F8F7-42F0-80A5-1E1C8FE17516} = {1F50E2D8-1722-4A0F-AFCE-02AE17A89E9A}
		{D79AE588-FC90-4EB8-A175-B0B6B9E0AA1D} = {1F50E2D8-1722-4A0F-AFCE-02AE17A89E9A}
		{4E69F791-CBAD-4D17-9BBE-368AE662716C} = {1F50E2D8-1722-4A0F-AFCE-02AE17A89E9A}
		{1E22F7A2-52D1-4043-BF19-DF75C3FA22A4} = {1F50E2D8-1722-4A0F-AFCE-02AE17A89E9A}
		{16EE4BA2-3DC8-4A37-B41D-3D1ADB39C180} = {1F50E2D8-1722-4A0F-AFCE-02AE17A89E9A}
	EndGlobalSection
	GlobalSection(ExtensibilityGlobals) = postSolution
		SolutionGuid = {43174FAD-4CC4-4E82-B7C8-8D024D841358}
	EndGlobalSection
EndGlobal
